
Microsoft Visual Studio Solution File, Format Version 12.00
# Visual Studio Version 17
VisualStudioVersion = 17.8.34330.188
MinimumVisualStudioVersion = 10.0.40219.1
Project("{FAE04EC0-301F-11D3-BF4B-00C04F79EFBC}") = "WF_DZ03", "WF_DZ03\WF_DZ03.csproj", "{BA3E8066-870C-4F22-818F-848A1CF66F73}"
EndProject
Global
	GlobalSection(SolutionConfigurationPlatforms) = preSolution
		Debug|Any CPU = Debug|Any CPU
		Release|Any CPU = Release|Any CPU
	EndGlobalSection
	GlobalSection(ProjectConfigurationPlatforms) = postSolution
		{BA3E8066-870C-4F22-818F-848A1CF66F73}.Debug|Any CPU.ActiveCfg = Debug|Any CPU
		{BA3E8066-870C-4F22-818F-848A1CF66F73}.Debug|Any CPU.Build.0 = Debug|Any CPU
		{BA3E8066-870C-4F22-818F-848A1CF66F73}.Release|Any CPU.ActiveCfg = Release|Any CPU
		{BA3E8066-870C-4F22-818F-848A1CF66F73}.Release|Any CPU.Build.0 = Release|Any CPU
	EndGlobalSection
	GlobalSection(SolutionProperties) = preSolution
		HideSolutionNode = FALSE
	EndGlobalSection
	GlobalSection(ExtensibilityGlobals) = postSolution
		SolutionGuid = {7C7EAF47-416A-464D-AE1B-06B52F5EDAB8}
	EndGlobalSection
EndGlobal
